# pekit.lock — machine-written by pekit; records pinned source inputs.
# Do not edit by hand. For ordinary URL/Git sources, accept changed bytes with:
#   pekit lock --repin --version <version>
# Tracked-path Git histories are append-only; discover their next version with --latest.

schema = 1

[[source]]
  version = "0.0.1"
  ref = "v0.0.1"
  commit = "93287ef31e9177a20cbd29385981d1e0e8e8e85e"
  locked_at = "2026-09-27T16:05:49Z"
