# pekit.lock — machine-written by pekit; records pinned source inputs.
# Do not edit by hand. For ordinary URL/Git sources, accept changed bytes with:
#   pekit lock --repin --version <version>
# Tracked-path Git histories are append-only; discover their next version with --latest.

schema = 1

[[source]]
  version = "0.0.1"
  ref = "v0.0.1"
  commit = "b802c9f5f34029e0fae32430d52cd4318a15e13e"
  locked_at = "2026-09-27T15:58:40Z"
