# pekit.lock — machine-written by pekit; records pinned source inputs.
# Do not edit by hand. For ordinary URL/Git sources, accept changed bytes with:
#   pekit lock --repin --version <version>
# Tracked-path Git histories are append-only; discover their next version with --latest.

schema = 1

[[source]]
  version = "0.0.1"
  ref = "v0.0.1"
  commit = "89a33a189f68a4266fa983a148b49dc012d34e85"
  locked_at = "2026-09-27T22:30:58Z"

[[source]]
  version = "0.0.2"
  ref = "v0.0.2"
  commit = "38200b065a6256af8cb3c3d693a9e22f36c025d1"
  locked_at = "2026-09-29T11:56:47Z"

[[source]]
  version = "0.0.3"
  ref = "v0.0.3"
  commit = "d9e75f7615087987f1b5deb2c081401ab9818d49"
  locked_at = "2026-10-06T11:43:59Z"

[[source]]
  version = "0.0.4"
  ref = "v0.0.4"
  commit = "f0e748050e47d3bdd812b626f7514afcd99b5eca"
  locked_at = "2026-10-06T17:13:14Z"

[[source]]
  version = "0.0.5"
  ref = "v0.0.5"
  commit = "458b4f856511196006757f8120c058c1b79dbfb9"
  locked_at = "2026-10-06T20:06:15Z"

[[source]]
  version = "0.0.6"
  ref = "v0.0.6"
  commit = "6af91f0d197555f0c4948192b07e8949d3d883a5"
  locked_at = "2026-10-06T21:39:54Z"

[[source]]
  version = "0.0.7"
  ref = "v0.0.7"
  commit = "94103e7d29b6b3287186ed1a0ed023bb64468a7d"
  locked_at = "2026-10-06T22:29:41Z"
