# pekit.lock — machine-written by pekit; records pinned source inputs.
# Do not edit by hand. To accept changed upstream bytes for a version, run:
#   pekit lock --repin --version <version>

schema = 1

[[source]]
  version = "2025.12.2"
  url = "https://github.com/thesofproject/sof-bin/releases/download/v2025.12.2/sof-bin-2025.12.2.tar.gz"
  sha256 = "533f63e3a6d94c09ce05a782657b675fa683ff20787c0979226cf563ec79f517"
  locked_at = "2026-08-30T02:10:28Z"
