# pekit.lock — machine-written by pekit; records pinned source inputs.
# Do not edit by hand. For ordinary URL/Git sources, accept changed bytes with:
#   pekit lock --repin --version <version>
# Tracked-path Git histories are append-only; discover their next version with --latest.

schema = 1

[[source]]
  version = "3.8.0"
  url = "https://github.com/libffi/libffi/releases/download/v3.8.0/libffi-3.8.0.tar.gz"
  sha256 = "7da3e2d9a171eb0a038f592ecad3ff2bb2550f3496d87b3b29ad0cf4430c0db4"
  locked_at = "2026-09-22T13:28:30Z"
