# pekit.lock — machine-written by pekit; records pinned source inputs.
# Do not edit by hand. To accept changed upstream bytes for a version, run:
#   pekit lock --repin --version <version>

schema = 1

[[source]]
  version = "3.5.7"
  url = "https://github.com/openssl/openssl/releases/download/openssl-3.5.7/openssl-3.5.7.tar.gz"
  sha256 = "a8c0d28a529ca480f9f36cf5792e2cd21984552a3c8e4aa11a24aa31aeac98e8"
  locked_at = "2026-08-11T09:03:38Z"

[[source]]
  version = "3.5.8"
  url = "https://github.com/openssl/openssl/releases/download/openssl-3.5.8/openssl-3.5.8.tar.gz"
  sha256 = "a8f84a39918ec6415ce765d9b429d313ba97b8143169c172e734b9514464f5b2"
  signature_key = "b146647e45a7b33947ab226b2a2c87d161692d40"
  locked_at = "2026-09-05T04:34:47Z"
