# pekit.lock — machine-written by pekit; records pinned source inputs.
# Do not edit by hand. To accept changed upstream bytes for a version, run:
#   pekit lock --repin --version <version>

schema = 1

[[source]]
  version = "2.25"
  url = "https://ftp.gnu.org/gnu/which/which-2.25.tar.gz"
  sha256 = "1cb83e4f702e60b8211ab5ec4c2afbab1b1dec80209456a7d2faf7584ed225ea"
  signature_key = "8020b2666305ee2fd53e6827c155a4eee4e527a2"
  locked_at = "2026-09-05T17:10:23Z"
