# pekit.lock — machine-written by pekit; records pinned source inputs.
# Do not edit by hand. For ordinary URL/Git sources, accept changed bytes with:
#   pekit lock --repin --version <version>
# Tracked-path Git histories are append-only; discover their next version with --latest.

schema = 1

[[source]]
  version = "0.0.2"
  ref = "v0.0.2"
  commit = "490960cee7a5b0b8d345d7ff3d0217134fdcc535"
  locked_at = "2026-09-10T09:43:30Z"

[[source]]
  version = "0.0.3"
  ref = "v0.0.3"
  commit = "53984eca8711620deebb27e22212ef6f9157f643"
  locked_at = "2026-09-11T20:07:15Z"

[[source]]
  version = "0.0.4"
  ref = "v0.0.4"
  commit = "628a49ad516aa943ce845f8333bc8991aa881289"
  locked_at = "2026-09-11T21:37:05Z"

[[source]]
  version = "0.0.5"
  ref = "v0.0.5"
  commit = "0b9b332d553891964df0d669681ce1312ac29235"
  locked_at = "2026-09-11T23:16:01Z"

[[source]]
  version = "0.0.6"
  ref = "v0.0.6"
  commit = "51019a0607a68fea858b19d1b01914a95213b9da"
  locked_at = "2026-09-23T12:13:26Z"

[[source]]
  version = "0.0.7"
  ref = "v0.0.7"
  commit = "00a06d70da6c6d50201953afbf4f44e4dea31b15"
  locked_at = "2026-09-23T15:16:27Z"

[[source]]
  version = "0.0.8"
  ref = "v0.0.8"
  commit = "05a7f9334c0d0a3f1d1747cf03e51efbfbeb189b"
  locked_at = "2026-09-23T16:05:41Z"

[[source]]
  version = "0.0.9"
  ref = "v0.0.9"
  commit = "a0189f733ed0fc76f62d70c11c8f25669be21093"
  locked_at = "2026-09-27T21:25:26Z"

[[source]]
  version = "0.0.10"
  ref = "v0.0.10"
  commit = "260a8e9eca30c772e0ce74fbf6bef6c2ed07f60b"
  locked_at = "2026-10-04T16:11:24Z"

[[source]]
  version = "0.0.11"
  ref = "v0.0.11"
  commit = "0ee3ea3c15e0b17e1aed887764bf5e3d6242bde3"
  locked_at = "2026-10-05T12:11:38Z"

[[source]]
  version = "0.0.12"
  ref = "v0.0.12"
  commit = "0e20fef16f3c170d8fba0e3a169b617e7b4da3aa"
  locked_at = "2026-10-06T16:25:02Z"
