# pekit.lock — machine-written by pekit; records pinned source inputs.
# Do not edit by hand. To accept changed upstream bytes for a version, run:
#   pekit lock --repin --version <version>

schema = 1

[[source]]
  version = "1.4.20"
  url = "https://ftp.gnu.org/gnu/m4/m4-1.4.20.tar.xz"
  sha256 = "e236ea3a1ccf5f6c270b1c4bb60726f371fa49459a8eaaebc90b216b328daf2b"
  locked_at = "2026-08-10T19:43:46Z"

[[source]]
  version = "1.4.21"
  url = "https://ftp.gnu.org/gnu/m4/m4-1.4.21.tar.xz"
  sha256 = "f25c6ab51548a73a75558742fb031e0625d6485fe5f9155949d6486a2408ab66"
  signature_key = "71c2cc22b1c4602927d2f3aaa7a16b4a2527436a"
  locked_at = "2026-09-05T00:57:30Z"
