# pekit.lock — machine-written by pekit; records pinned source inputs.
# Do not edit by hand. For ordinary URL/Git sources, accept changed bytes with:
#   pekit lock --repin --version <version>
# Tracked-path Git histories are append-only; discover their next version with --latest.

schema = 1

[[source]]
  version = "0.0.1"
  ref = "v0.0.1"
  commit = "48ba52d6354964b401ab80037b38d0593e4cc006"
  locked_at = "2026-10-06T12:37:51Z"

[[source]]
  version = "0.0.2"
  ref = "v0.0.2"
  commit = "9e4a47e627f6c003d33f4a8236748d9d45340a56"
  locked_at = "2026-10-06T20:14:55Z"
