# pekit.lock — machine-written by pekit; records pinned source inputs.
# Do not edit by hand. To accept changed upstream bytes for a version, run:
#   pekit lock --repin --version <version>

schema = 1

[[source]]
  version = "1.4.20"
  url = "https://ftp.gnu.org/gnu/m4/m4-1.4.20.tar.xz"
  sha256 = "e236ea3a1ccf5f6c270b1c4bb60726f371fa49459a8eaaebc90b216b328daf2b"
  locked_at = "2026-08-10T19:43:46Z"
