# pekit.lock — machine-written by pekit; records pinned source inputs.
# Do not edit by hand. For ordinary URL/Git sources, accept changed bytes with:
#   pekit lock --repin --version <version>
# Tracked-path Git histories are append-only; discover their next version with --latest.

schema = 1

[[source]]
  version = "0.46.4"
  url = "https://www.cairographics.org/releases/pixman-0.46.4.tar.xz"
  sha256 = "a098c33924754ad43f981b740f6d576c70f9ed1006e12221b1845431ebce1239"
  locked_at = "2026-09-22T13:27:57Z"
