# pekit.lock — machine-written by pekit; records pinned source inputs.
# Do not edit by hand. For ordinary URL/Git sources, accept changed bytes with:
#   pekit lock --repin --version <version>
# Tracked-path Git histories are append-only; discover their next version with --latest.

schema = 1

[[source]]
  version = "0.15.2"
  url = "https://github.com/libcheck/check/releases/download/0.15.2/check-0.15.2.tar.gz"
  sha256 = "a8de4e0bacfb4d76dd1c618ded263523b53b85d92a146d8835eb1a52932fa20a"
  locked_at = "2026-09-23T20:17:02Z"
