# pekit.lock — machine-written by pekit; records pinned source inputs.
# Do not edit by hand. For ordinary URL/Git sources, accept changed bytes with:
#   pekit lock --repin --version <version>
# Tracked-path Git histories are append-only; discover their next version with --latest.

schema = 1

[[source]]
  version = "0.96"
  url = "https://www.bitwizard.nl/mtr/files/mtr-0.96.tar.gz"
  sha256 = "ffd19a9f8d5f616c1ea2f0da9fbf9d1239bcecdf5a68912e831966d20929037a"
  locked_at = "2026-09-27T22:38:16Z"
