# pekit.lock — machine-written by pekit; records pinned source inputs.
# Do not edit by hand. To accept changed upstream bytes for a version, run:
#   pekit lock --repin --version <version>

schema = 1

[[source]]
  version = "0.26"
  url = "https://ftp.gnu.org/gnu/gettext/gettext-0.26.tar.xz"
  sha256 = "d1fb86e260cfe7da6031f94d2e44c0da55903dbae0a2fa0fae78c91ae1b56f00"
  locked_at = "2026-08-10T23:39:40Z"

[[source]]
  version = "1.0"
  url = "https://ftp.gnu.org/gnu/gettext/gettext-1.0.tar.xz"
  sha256 = "71132a3fb71e68245b8f2ac4e9e97137d3e5c02f415636eb508ae607bc01add7"
  signature_key = "e0ffbd975397f77a32ab76ecb6301d9e1bbeac08"
  locked_at = "2026-09-04T21:49:02Z"
