# pekit.lock — machine-written by pekit; records pinned source inputs.
# Do not edit by hand. To accept changed upstream bytes for a version, run:
#   pekit lock --repin --version <version>

schema = 1

[[source]]
  version = "2.43"
  ref = "glibc-2.43"
  commit = "f762ccf84f122d1354f103a151cba8bde797d521"
  locked_at = "2026-08-10T14:45:19Z"

[[source]]
  version = "2.44"
  url = "https://ftp.gnu.org/gnu/libc/glibc-2.44.tar.xz"
  sha256 = "37f600f2bef3c5e8300147059568b2a2e40a7ad6ccc65ce942556d49429cc667"
  signature_key = "35b17df5752577ca0c541ceb94bfdf4484ad142f"
  locked_at = "2026-09-06T02:41:35Z"
