# pekit.lock — machine-written by pekit; records pinned source inputs.
# Do not edit by hand. To accept changed upstream bytes for a version, run:
#   pekit lock --repin --version <version>

schema = 1

[[source]]
  version = "4.10.0"
  url = "https://ftp.gnu.org/gnu/findutils/findutils-4.10.0.tar.xz"
  sha256 = "1387e0b67ff247d2abde998f90dfbf70c1491391a59ddfecb8ae698789f0a4f5"
  locked_at = "2026-08-10T19:45:28Z"

[[source]]
  version = "4.11.0"
  url = "https://ftp.gnu.org/gnu/findutils/findutils-4.11.0.tar.xz"
  sha256 = "bfd19cb06cc71f3352d567e90284d8cdac02ac89774bbeadf0b533b0c11432fd"
  signature_key = "0cf4e8d871593224842832b888dd9e08c5ddacb9"
  locked_at = "2026-09-04T20:35:27Z"
