# pekit.lock — machine-written by pekit; records pinned source inputs.
# Do not edit by hand. To accept changed upstream bytes for a version, run:
#   pekit lock --repin --version <version>

schema = 1

[[source]]
  version = "2.42.2"
  url = "https://www.kernel.org/pub/linux/utils/util-linux/v2.42/util-linux-2.42.2.tar.xz"
  sha256 = "03a05d3adf9602ef128f2da05b84b3205ce60c351e5737c0370f74000679ce8a"
  locked_at = "2026-08-28T00:17:10Z"
