# pekit.lock — machine-written by pekit; records pinned source inputs.
# Do not edit by hand. To accept changed upstream bytes for a version, run:
#   pekit lock --repin --version <version>

schema = 1

[[source]]
  version = "1.0.8"
  url = "https://sourceware.org/pub/bzip2/bzip2-1.0.8.tar.gz"
  sha256 = "ab5a03176ee106d3f0fa90e381da478ddae405918153cca248e682cd0c4a2269"
  locked_at = "2026-08-10T23:23:17Z"
