# pekit.lock — machine-written by pekit; records pinned source inputs.
# Do not edit by hand. For ordinary URL/Git sources, accept changed bytes with:
#   pekit lock --repin --version <version>
# Tracked-path Git histories are append-only; discover their next version with --latest.

schema = 1

[[source]]
  version = "2026.09.11"
  ref = "refs/heads/master"
  commit = "5cf3109c97f5226f8d62aab2d9f19e98d55f6a6d"
  repository = "https://github.com/pciutils/pciids.git"
  path = "pci.ids"
  blob = "db640b6dd53d08434e0b4d3b8328d1f32e277ccf"
  blob_sha256 = "6190db4a17c42dd7ad84aa8abb658a70d1328179715aa10e29ab690eb5c920cd"
  locked_at = "2026-09-11T14:49:58Z"

[[source]]
  version = "2026.09.12"
  ref = "refs/heads/master"
  commit = "88fe01f67c10ef5483bdf5026c99a79ff6d88040"
  repository = "https://github.com/pciutils/pciids.git"
  path = "pci.ids"
  blob = "a478fccbee3775c3e0a621dd526c52cf75016bee"
  blob_sha256 = "6b14853a71400884d6ac876a8159ff83adda4e6b4f7d38ef22fffd047436e93f"
  locked_at = "2026-09-12T15:53:07Z"

[[source]]
  version = "2026.09.13"
  ref = "refs/heads/master"
  commit = "086ce999bce8559e573711ee711983ec82ed6b64"
  repository = "https://github.com/pciutils/pciids.git"
  path = "pci.ids"
  blob = "ed5fdf48fbe9af2af5c8d0a71f6d03feae0aa6dd"
  blob_sha256 = "2d5caee8ec7d482e99047940dbb1947b8a3d33c28cb90fabb7e4426df4fe1096"
  locked_at = "2026-09-13T09:13:56Z"
