# pekit.lock — machine-written by pekit; records pinned source inputs.
# Do not edit by hand. For ordinary URL/Git sources, accept changed bytes with:
#   pekit lock --repin --version <version>
# Tracked-path Git histories are append-only; discover their next version with --latest.

schema = 1

[[source]]
  version = "0.21.6"
  ref = "v0.21.6"
  commit = "9335ce3db78ac120f99a17c33f610ab7a137fcab"
  locked_at = "2026-09-10T09:43:27Z"

[[source]]
  version = "0.21.7"
  ref = "v0.21.7"
  commit = "a798e22ef3d47a5dcfeafeb3dc75170b602b79ab"
  locked_at = "2026-09-10T09:48:27Z"

[[source]]
  version = "0.21.8"
  ref = "v0.21.8"
  commit = "f8ebab1cec071d6013fb4bb937938b641818f726"
  locked_at = "2026-09-10T09:51:19Z"
