# pekit.lock — machine-written by pekit; records pinned source inputs.
# Do not edit by hand. For ordinary URL/Git sources, accept changed bytes with:
#   pekit lock --repin --version <version>
# Tracked-path Git histories are append-only; discover their next version with --latest.

schema = 1

[[source]]
  version = "0.21.6"
  ref = "v0.21.6"
  commit = "9335ce3db78ac120f99a17c33f610ab7a137fcab"
  locked_at = "2026-09-10T09:43:27Z"

[[source]]
  version = "0.21.7"
  ref = "v0.21.7"
  commit = "a798e22ef3d47a5dcfeafeb3dc75170b602b79ab"
  locked_at = "2026-09-10T09:48:27Z"

[[source]]
  version = "0.21.8"
  ref = "v0.21.8"
  commit = "f8ebab1cec071d6013fb4bb937938b641818f726"
  locked_at = "2026-09-10T09:51:19Z"

[[source]]
  version = "0.21.9"
  ref = "v0.21.9"
  commit = "7ff4eb5be8fb837007d99bf4d3cb4acab6c9095b"
  locked_at = "2026-09-11T20:07:12Z"

[[source]]
  version = "0.21.10"
  ref = "v0.21.10"
  commit = "5ed6067e9901db7ed9b5e89c13475f63031e2894"
  locked_at = "2026-09-11T21:37:02Z"

[[source]]
  version = "0.21.11"
  ref = "v0.21.11"
  commit = "8d41fd20cc36c7fd9c2b4201a7d7ba03a20df8ef"
  locked_at = "2026-09-11T23:00:59Z"

[[source]]
  version = "0.21.12"
  ref = "v0.21.12"
  commit = "ea90cf0ff7d4930ccddcc0b6cbadd9c26cc6389d"
  locked_at = "2026-09-23T11:59:54Z"
