# pekit.lock — machine-written by pekit; records pinned source inputs.
# Do not edit by hand. To accept changed upstream bytes for a version, run:
#   pekit lock --repin --version <version>

schema = 1

[[source]]
  version = "18.1.8"
  url = "https://github.com/llvm/llvm-project/releases/download/llvmorg-18.1.8/llvm-project-18.1.8.src.tar.xz"
  sha256 = "0b58557a6d32ceee97c8d533a59b9212d87e0fc4d2833924eb6c611247db2f2a"
  signature_key = "474e22316abf4785a88c6e8ea2c794a986419d8a"
  locked_at = "2026-09-05T19:26:28Z"
