# pekit.lock — machine-written by pekit; records pinned source inputs.
# Do not edit by hand. To accept changed upstream bytes for a version, run:
#   pekit lock --repin --version <version>

schema = 1

[[source]]
  version = "1.3.1"
  url = "https://ftp.gnu.org/gnu/mpc/mpc-1.3.1.tar.gz"
  sha256 = "ab642492f5cf882b74aa0cb730cd410a81edcdbec895183ce930e706c1c759b8"
  locked_at = "2026-08-10T15:05:21Z"

[[source]]
  version = "1.4.1"
  url = "https://ftp.gnu.org/gnu/mpc/mpc-1.4.1.tar.xz"
  sha256 = "91204cd32f164bd3b7c992d4a6a8ce6519511aadab30f78b6982d0bf8d73e931"
  locked_at = "2026-08-11T13:17:10Z"
