# pekit.lock — machine-written by pekit; records pinned source inputs.
# Do not edit by hand. To accept changed upstream bytes for a version, run:
#   pekit lock --repin --version <version>

schema = 1

[[source]]
  version = "0.18.0"
  url = "https://github.com/NixOS/patchelf/releases/download/0.18.0/patchelf-0.18.0.tar.gz"
  sha256 = "64de10e4c6b8b8379db7e87f58030f336ea747c0515f381132e810dbf84a86e7"
  locked_at = "2026-08-10T19:47:14Z"
