# pekit.lock — machine-written by pekit; records pinned source inputs.
# Do not edit by hand. For ordinary URL/Git sources, accept changed bytes with:
#   pekit lock --repin --version <version>
# Tracked-path Git histories are append-only; discover their next version with --latest.

schema = 1

[[source]]
  version = "1.83.0"
  url = "https://static.rust-lang.org/dist/rustc-1.83.0-src.tar.xz"
  sha256 = "7b11d4242dab0921a7d54758ad3fe805153c979c144625fecde11735760f97df"
  signature_key = "108f66205eaeb0aaa8dd5e1c85ab96e6fa1be5fe"
  locked_at = "2026-08-11T10:32:19Z"

[[source]]
  version = "1.98.1"
  url = "https://static.rust-lang.org/dist/rustc-1.98.1-src.tar.xz"
  sha256 = "be1816e7f6c40abb90245ad6e024bed2a7e88d7dda4561e4d5470207df616b9f"
  signature_key = "108f66205eaeb0aaa8dd5e1c85ab96e6fa1be5fe"
  locked_at = "2026-09-07T18:46:14Z"
