# pekit.lock — machine-written by pekit; records pinned source inputs.
# Do not edit by hand. For ordinary URL/Git sources, accept changed bytes with:
#   pekit lock --repin --version <version>
# Tracked-path Git histories are append-only; discover their next version with --latest.

schema = 1

[[source]]
  version = "0.0.14"
  ref = "v0.0.14"
  commit = "3386525989f49f84facc555968d6fc5f5d5e3d53"
  locked_at = "2026-09-08T16:56:18Z"

[[source]]
  version = "0.0.15"
  ref = "v0.0.15"
  commit = "9c0d68b565318f466b07e3af16a9b4159bc9f0ff"
  locked_at = "2026-09-11T18:35:12Z"

[[source]]
  version = "0.0.16"
  ref = "v0.0.16"
  commit = "5717e81f487491fa04c5bd195224801e3bd228ee"
  locked_at = "2026-09-11T21:36:59Z"

[[source]]
  version = "0.0.17"
  ref = "v0.0.17"
  commit = "223a91b16586122bffcb355ba5fc57f266277c8e"
  locked_at = "2026-09-11T22:52:25Z"

[[source]]
  version = "0.0.18"
  ref = "v0.0.18"
  commit = "e9eb688d075d9c8b9f302d963bb75f651beea489"
  locked_at = "2026-09-11T22:54:20Z"

[[source]]
  version = "0.0.19"
  ref = "v0.0.19"
  commit = "cb95225ef4ad3586f533803f26954de4c1d9c412"
  locked_at = "2026-09-23T12:13:24Z"

[[source]]
  version = "0.0.20"
  ref = "v0.0.20"
  commit = "0ec0367edbdbd8c545c059539c85277326e22b13"
  locked_at = "2026-09-23T15:16:26Z"

[[source]]
  version = "0.0.21"
  ref = "v0.0.21"
  commit = "5a59525db38188f425d79f471994e1f319e689f6"
  locked_at = "2026-09-23T16:05:40Z"

[[source]]
  version = "0.0.22"
  ref = "v0.0.22"
  commit = "51f60f7cb0dfee0c5082d00b4a2af98ce39ca026"
  locked_at = "2026-09-27T18:10:04Z"
