# pekit.lock — machine-written by pekit; records pinned source inputs.
# Do not edit by hand. For ordinary URL/Git sources, accept changed bytes with:
#   pekit lock --repin --version <version>
# Tracked-path Git histories are append-only; discover their next version with --latest.

schema = 1

[[source]]
  version = "5.2"
  url = "https://sourceware.org/pub/debugedit/5.2/debugedit-5.2.tar.xz"
  sha256 = "705296803cc4403f38764e891b4ed38f8d8d4f8a9164bd4f86c9d4bedcac68dd"
  signature_key = "ec3cfe88f6ca0788774f5c1d1aa44be649de760a"
  locked_at = "2026-09-10T05:38:28Z"

[[source]]
  version = "5.3"
  url = "https://sourceware.org/pub/debugedit/5.3/debugedit-5.3.tar.xz"
  sha256 = "3b8c6396fe235e0270c9b9c0d244cfd0e86c284fc27e820acc58360e7cfa08c2"
  signature_key = "28ff4b30a88d5523a7e2cba20376a15c6ffc11cd"
  locked_at = "2026-09-06T01:59:14Z"
