# pekit.lock — machine-written by pekit; records pinned source inputs.
# Do not edit by hand. To accept changed upstream bytes for a version, run:
#   pekit lock --repin --version <version>

schema = 1

[[source]]
  version = "1.9.0"
  ref = "libtraceevent-1.9.0"
  commit = "13701b5532e0c3295bf5670361692b0d0044228d"
  locked_at = "2026-09-05T23:36:58Z"
