# pekit.lock — machine-written by pekit; records pinned source inputs.
# Do not edit by hand. To accept changed upstream bytes for a version, run:
#   pekit lock --repin --version <version>

schema = 1

[[source]]
  version = "7.3"
  url = "https://ftp.gnu.org/gnu/texinfo/texinfo-7.3.tar.xz"
  sha256 = "51f74eb0f51cfa9873b85264dfdd5d46e8957ec95b88f0fb762f63d9e164c72e"
  locked_at = "2026-08-10T23:57:05Z"
