# pekit.lock — machine-written by pekit; records pinned source inputs.
# Do not edit by hand. For ordinary URL/Git sources, accept changed bytes with:
#   pekit lock --repin --version <version>
# Tracked-path Git histories are append-only; discover their next version with --latest.

schema = 1

[[source]]
  version = "0.5.0"
  ref = "v0.5.0"
  commit = "78ac81588fb9d982cf2e01d546e54d27bed0e217"
  locked_at = "2026-09-10T09:43:34Z"

[[source]]
  version = "0.5.1"
  ref = "v0.5.1"
  commit = "68eeb38b76826d5446086835e04c475e23aab6a8"
  locked_at = "2026-09-10T10:04:52Z"

[[source]]
  version = "0.5.2"
  ref = "v0.5.2"
  commit = "3439fc9df52893ce1e604a0fa71180f74f54de79"
  locked_at = "2026-09-11T20:07:19Z"
