# pekit.lock — machine-written by pekit; records pinned source inputs.
# Do not edit by hand. To accept changed upstream bytes for a version, run:
#   pekit lock --repin --version <version>

schema = 1

[[source]]
  version = "3.0.6"
  url = "https://distfiles.ariadne.space/pkgconf/pkgconf-3.0.6.tar.xz"
  sha256 = "c88a653fbabfa2a5857a30f6b6ad6c40dbacc3b7c72cc066e5c7dc4571cbddaa"
  locked_at = "2026-09-05T13:46:29Z"
