# pekit.lock — machine-written by pekit; records pinned source inputs.
# Do not edit by hand. To accept changed upstream bytes for a version, run:
#   pekit lock --repin --version <version>

schema = 1

[[source]]
  version = "34.2"
  url = "https://cdn.kernel.org/pub/linux/utils/kernel/kmod/kmod-34.2.tar.xz"
  sha256 = "5a5d5073070cc7e0c7a7a3c6ec2a0e1780850c8b47b3e3892226b93ffcb9cb54"
  signature_key = "eab33c9690013c733916ac839ba2a5a630cbea53"
  locked_at = "2026-08-30T03:09:17Z"
