# pekit.lock — machine-written by pekit; records pinned source inputs.
# Do not edit by hand. To accept changed upstream bytes for a version, run:
#   pekit lock --repin --version <version>

schema = 1

[[source]]
  version = "3.15.0"
  url = "https://cdn.kernel.org/pub/software/utils/pciutils/pciutils-3.15.0.tar.xz"
  sha256 = "c02940f430841ecf158d5d9a50007afc4d5353c8678a2455003ca0b2c4e9f5ff"
  locked_at = "2026-08-11T13:17:49Z"
