# pekit.lock — machine-written by pekit; records pinned source inputs.
# Do not edit by hand. To accept changed upstream bytes for a version, run:
#   pekit lock --repin --version <version>

schema = 1

[[source]]
  version = "5.8.3"
  url = "https://github.com/tukaani-project/xz/releases/download/v5.8.3/xz-5.8.3.tar.xz"
  sha256 = "fff1ffcf2b0da84d308a14de513a1aa23d4e9aa3464d17e64b9714bfdd0bbfb6"
  signature_key = "3690c240ce51b4670d30ad1c38ee757d69184620"
  locked_at = "2026-09-05T17:32:47Z"
