# pekit.lock — machine-written by pekit; records pinned source inputs.
# Do not edit by hand. To accept changed upstream bytes for a version, run:
#   pekit lock --repin --version <version>

schema = 1

[[source]]
  version = "0.8.3"
  ref = "v0.8.3"
  commit = "e626a72bc2321cd320e953a0ccf1584cad60f363"
  locked_at = "2026-09-05T17:09:28Z"
