# pekit.lock — machine-written by pekit; records pinned source inputs.
# Do not edit by hand. To accept changed upstream bytes for a version, run:
#   pekit lock --repin --version <version>

schema = 1

[[source]]
  version = "16.1.0"
  url = "https://ftp.gnu.org/gnu/gcc/gcc-16.1.0/gcc-16.1.0.tar.xz"
  sha256 = "50efb4d94c3397aff3b0d61a5abd748b4dd31d9d3f2ab7be05b171d36a510f79"
  signature_key = "d3a93cad751c2af4f8c7ad516c35b99309b5fa62"
  locked_at = "2026-09-06T02:20:46Z"

[[source]]
  version = "16.2.0"
  url = "https://ftp.gnu.org/gnu/gcc/gcc-16.2.0/gcc-16.2.0.tar.xz"
  sha256 = "e6738e29597f733270731aa90600f37ffdc045079dfc27ec7e8192cc81085c3e"
  signature_key = "13975a70e63c361c73ae69ef6eeb81f8981c74c7"
  locked_at = "2026-09-06T02:22:22Z"
