# pekit.lock — machine-written by pekit; records pinned source inputs.
# Do not edit by hand. For ordinary URL/Git sources, accept changed bytes with:
#   pekit lock --repin --version <version>
# Tracked-path Git histories are append-only; discover their next version with --latest.

schema = 1

[[source]]
  version = "0.1.1"
  ref = "v0.1.1"
  commit = "0887b819ce63e96e6d27164ee9ca4179784ce222"
  locked_at = "2026-09-10T09:43:33Z"

[[source]]
  version = "0.1.2"
  ref = "v0.1.2"
  commit = "ecc98269d67debb28778386be6435fd3bfc59241"
  locked_at = "2026-09-11T20:07:24Z"
