# pekit.lock — machine-written by pekit; records pinned source inputs.
# Do not edit by hand. To accept changed upstream bytes for a version, run:
#   pekit lock --repin --version <version>

schema = 1

[[source]]
  version = "2.73"
  url = "https://ftp.gnu.org/gnu/autoconf/autoconf-2.73.tar.xz"
  sha256 = "9fd672b1c8425fac2fa67fa0477b990987268b90ff36d5f016dae57be0d6b52e"
  locked_at = "2026-08-11T13:23:14Z"
