# pekit.lock — machine-written by pekit; records pinned source inputs.
# Do not edit by hand. For ordinary URL/Git sources, accept changed bytes with:
#   pekit lock --repin --version <version>
# Tracked-path Git histories are append-only; discover their next version with --latest.

schema = 1

[[source]]
  version = "3.12"
  url = "https://ftpmirror.gnu.org/diffutils/diffutils-3.12.tar.xz"
  sha256 = "7c8b7f9fc8609141fdea9cece85249d308624391ff61dedaf528fcb337727dfd"
  signature_key = "155d3fc500c834486d1eea677fd9fccb000beeee"
  locked_at = "2026-09-25T22:48:03Z"
