# pekit.lock — machine-written by pekit; records pinned source inputs.
# Do not edit by hand. To accept changed upstream bytes for a version, run:
#   pekit lock --repin --version <version>

schema = 1

[[source]]
  version = "5.0.9"
  ref = "5.0.9"
  commit = "022575848782a4801fd150fdbc927effcbca0864"
  locked_at = "2026-09-04T13:13:36Z"
