# pekit.lock — machine-written by pekit; records pinned source inputs.
# Do not edit by hand. For ordinary URL/Git sources, accept changed bytes with:
#   pekit lock --repin --version <version>
# Tracked-path Git histories are append-only; discover their next version with --latest.

schema = 1

[[source]]
  version = "0.1.0"
  ref = "v0.1.0"
  commit = "0521f346b796a19f3bce61b3b57eef451b908554"
  locked_at = "2026-09-09T10:42:07Z"
