# pekit.lock — machine-written by pekit; records pinned source inputs.
# Do not edit by hand. For ordinary URL/Git sources, accept changed bytes with:
#   pekit lock --repin --version <version>
# Tracked-path Git histories are append-only; discover their next version with --latest.

schema = 1

[[source]]
  version = "1.2.0"
  url = "https://libbsd.freedesktop.org/releases/libmd-1.2.0.tar.xz"
  sha256 = "ac15ffb8430502fbaccdec66c5a82ee0eab0b0f36220df56710feadfeb13d0a0"
  signature_key = "4f3e74f436050c10f5696574b972bf3ea4ae57a3"
  locked_at = "2026-09-27T19:05:00Z"
