# pekit.lock — machine-written by pekit; records pinned source inputs.
# Do not edit by hand. For ordinary URL/Git sources, accept changed bytes with:
#   pekit lock --repin --version <version>
# Tracked-path Git histories are append-only; discover their next version with --latest.

schema = 1

[[source]]
  version = "3.8.2"
  url = "https://ftpmirror.gnu.org/bison/bison-3.8.2.tar.xz"
  sha256 = "9bba0214ccf7f1079c5d59210045227bcf619519840ebfa80cd3849cff5a5bf2"
  signature_key = "7df84374b1ee1f9764bbe25d0ddcaa3278d5264e"
  locked_at = "2026-09-25T21:33:18Z"
