# pekit.lock — machine-written by pekit; records pinned source inputs.
# Do not edit by hand. To accept changed upstream bytes for a version, run:
#   pekit lock --repin --version <version>

schema = 1

[[source]]
  version = "2.3.3"
  url = "https://www.jedsoft.org/releases/slang/slang-2.3.3.tar.bz2"
  sha256 = "f9145054ae131973c61208ea82486d5dd10e3c5cdad23b7c4a0617743c8f5a18"
  signature_key = "64083373e9e1de997ebbe7784b82d0b82930237d"
  locked_at = "2026-09-05T16:24:12Z"
