# pekit.lock — machine-written by pekit; records pinned source inputs.
# Do not edit by hand. To accept changed upstream bytes for a version, run:
#   pekit lock --repin --version <version>

schema = 1

[[source]]
  version = "3.12"
  url = "https://ftp.gnu.org/gnu/grep/grep-3.12.tar.xz"
  sha256 = "2649b27c0e90e632eadcd757be06c6e9a4f48d941de51e7c0f83ff76408a07b9"
  signature_key = "155d3fc500c834486d1eea677fd9fccb000beeee"
  locked_at = "2026-09-04T23:17:52Z"
