# pekit.lock — machine-written by pekit; records pinned source inputs.
# Do not edit by hand. For ordinary URL/Git sources, accept changed bytes with:
#   pekit lock --repin --version <version>
# Tracked-path Git histories are append-only; discover their next version with --latest.

schema = 1

[[source]]
  version = "4.99.7"
  url = "https://www.tcpdump.org/release/tcpdump-4.99.7.tar.xz"
  sha256 = "39675dfa06fb0e99be8da5d4a1784acbaab58ae0870231d956ff7870cb99eec1"
  signature_key = "1f166a5742abb9e0249a8d30e089def1d9c15d0d"
  locked_at = "2026-09-27T22:42:08Z"
