# pekit.lock — machine-written by pekit; records pinned source inputs.
# Do not edit by hand. To accept changed upstream bytes for a version, run:
#   pekit lock --repin --version <version>

schema = 1

[[source]]
  version = "6.6"
  url = "https://invisible-island.net/archives/ncurses/ncurses-6.6.tar.gz"
  sha256 = "355b4cbbed880b0381a04c46617b7656e362585d52e9cf84a67e2009b749ff11"
  signature_key = "19882d92dda4c400c22c0d56cc2af4472167be03"
  locked_at = "2026-09-05T03:00:00Z"
