# pekit.lock — machine-written by pekit; records pinned source inputs.
# Do not edit by hand. For ordinary URL/Git sources, accept changed bytes with:
#   pekit lock --repin --version <version>
# Tracked-path Git histories are append-only; discover their next version with --latest.

schema = 1

[[source]]
  version = "710"
  url = "https://www.greenwoodsoftware.com/less/less-710.tar.gz"
  sha256 = "d1008fb78dcae1323ddab664bcb352a61f022b1b131bd8018548e021d975ec7a"
  locked_at = "2026-09-27T17:48:34Z"
