# pekit.lock — machine-written by pekit; records pinned source inputs.
# Do not edit by hand. To accept changed upstream bytes for a version, run:
#   pekit lock --repin --version <version>

schema = 1

[[source]]
  version = "3.4.1"
  url = "https://download.samba.org/pub/rsync/src/rsync-3.4.1.tar.gz"
  sha256 = "2924bcb3a1ed8b551fc101f740b9f0fe0a202b115027647cf69850d65fd88c52"
  locked_at = "2026-08-10T19:48:06Z"

[[source]]
  version = "3.5.0"
  url = "https://download.samba.org/pub/rsync/src/rsync-3.5.0.tar.gz"
  sha256 = "c7ffd1ef653e99540f661e47cb00b7f9cad1ee6b972399b16f93d672656e0d33"
  signature_key = "9fef112dce19a0dc7e882cb81bb24997a8535f6f"
  locked_at = "2026-09-05T15:33:21Z"
