# pekit.lock — machine-written by pekit; records pinned source inputs.
# Do not edit by hand. To accept changed upstream bytes for a version, run:
#   pekit lock --repin --version <version>

schema = 1

[[source]]
  version = "4.9"
  url = "https://ftp.gnu.org/gnu/sed/sed-4.9.tar.xz"
  sha256 = "6e226b732e1cd739464ad6862bd1a1aba42d7982922da7a53519631d24975181"
  locked_at = "2026-08-10T19:44:26Z"
