# pekit.lock — machine-written by pekit; records pinned source inputs.
# Do not edit by hand. To accept changed upstream bytes for a version, run:
#   pekit lock --repin --version <version>

schema = 1

[[source]]
  version = "1.18"
  url = "https://ftp.gnu.org/gnu/automake/automake-1.18.tar.xz"
  sha256 = "5bdccca96b007a7e344c24204b9b9ac12ecd17f5971931a9063bdee4887f4aaf"
  signature_key = "17d3311b14bc0f248267bf020716748a30d155ad"
  locked_at = "2026-09-03T23:01:02Z"

[[source]]
  version = "1.18.1"
  url = "https://ftp.gnu.org/gnu/automake/automake-1.18.1.tar.xz"
  sha256 = "168aa363278351b89af56684448f525a5bce5079d0b6842bd910fdd3f1646887"
  signature_key = "17d3311b14bc0f248267bf020716748a30d155ad"
  locked_at = "2026-09-03T23:01:02Z"
