# pekit.lock — machine-written by pekit; records pinned source inputs.
# Do not edit by hand. For ordinary URL/Git sources, accept changed bytes with:
#   pekit lock --repin --version <version>
# Tracked-path Git histories are append-only; discover their next version with --latest.

schema = 1

[[source]]
  version = "6.0"
  url = "https://deb.debian.org/debian/pool/main/u/unzip/unzip_6.0.orig.tar.gz"
  sha256 = "036d96991646d0449ed0aa952e4fbe21b476ce994abc276e49d30e686708bd37"
  locked_at = "2026-09-27T17:45:57Z"
