# pekit.lock — machine-written by pekit; records pinned source inputs.
# Do not edit by hand. To accept changed upstream bytes for a version, run:
#   pekit lock --repin --version <version>

schema = 1

[[source]]
  version = "4.9"
  url = "https://ftp.gnu.org/gnu/sed/sed-4.9.tar.xz"
  sha256 = "6e226b732e1cd739464ad6862bd1a1aba42d7982922da7a53519631d24975181"
  locked_at = "2026-08-10T19:44:26Z"

[[source]]
  version = "4.10"
  url = "https://ftp.gnu.org/gnu/sed/sed-4.10.tar.xz"
  sha256 = "b8e72182b2ec96a3574e2998c47b7aaa64cc20ce000d8e9ac313cc07cecf28c7"
  signature_key = "155d3fc500c834486d1eea677fd9fccb000beeee"
  locked_at = "2026-09-05T16:13:17Z"
