# pekit.lock — machine-written by pekit; records pinned source inputs.
# Do not edit by hand. For ordinary URL/Git sources, accept changed bytes with:
#   pekit lock --repin --version <version>
# Tracked-path Git histories are append-only; discover their next version with --latest.

schema = 1

[[source]]
  version = "0.0.3"
  ref = "v0.0.3"
  commit = "285906f6e516603a75f04520b2d480cb2cbcb5b3"
  locked_at = "2026-09-10T09:43:31Z"

[[source]]
  version = "0.0.4"
  ref = "v0.0.4"
  commit = "5098b8febd6905ed2c250f2ebdabe6566e464b7b"
  locked_at = "2026-09-11T20:07:20Z"

[[source]]
  version = "0.0.5"
  ref = "v0.0.5"
  commit = "74a3b2d1fbcea32f214d31668ef167d6669331b1"
  locked_at = "2026-09-23T12:13:35Z"

[[source]]
  version = "0.0.6"
  ref = "v0.0.6"
  commit = "d3dab10db22a27f23cc74162ed8282ff688ea632"
  locked_at = "2026-09-23T15:15:08Z"
