# pekit.lock — machine-written by pekit; records pinned source inputs.
# Do not edit by hand. To accept changed upstream bytes for a version, run:
#   pekit lock --repin --version <version>

schema = 1

[[source]]
  version = "1.35"
  url = "https://ftp.gnu.org/gnu/tar/tar-1.35.tar.xz"
  sha256 = "4d62ff37342ec7aed748535323930c7cf94acf71c3591882b26a7ea50f3edc16"
  locked_at = "2026-08-10T23:22:59Z"
