# pekit.lock — machine-written by pekit; records pinned source inputs.
# Do not edit by hand. To accept changed upstream bytes for a version, run:
#   pekit lock --repin --version <version>

schema = 1

[[source]]
  version = "1.14"
  url = "https://ftp.gnu.org/gnu/gzip/gzip-1.14.tar.xz"
  sha256 = "01a7b881bd220bfdf615f97b8718f80bdfd3f6add385b993dcf6efd14e8c0ac6"
  signature_key = "155d3fc500c834486d1eea677fd9fccb000beeee"
  locked_at = "2026-09-04T23:17:00Z"
