# pekit.lock — machine-written by pekit; records pinned source inputs.
# Do not edit by hand. To accept changed upstream bytes for a version, run:
#   pekit lock --repin --version <version>

schema = 1

[[source]]
  version = "2.0.19"
  ref = "v2.0.19"
  commit = "3bc85e37d5a30da6790cb7e8bb488bb8f679170f"
  locked_at = "2026-09-05T04:07:21Z"
