# pekit.lock — machine-written by pekit; records pinned source inputs.
# Do not edit by hand. For ordinary URL/Git sources, accept changed bytes with:
#   pekit lock --repin --version <version>
# Tracked-path Git histories are append-only; discover their next version with --latest.

schema = 1

[[source]]
  version = "2.1.6"
  url = "https://downloads.sourceforge.net/project/traceroute/traceroute/traceroute-2.1.6/traceroute-2.1.6.tar.gz"
  sha256 = "9ccef9cdb9d7a98ff7fbf93f79ebd0e48881664b525c4b232a0fcec7dcb9db5e"
  locked_at = "2026-09-27T22:38:16Z"
