# pekit.lock — machine-written by pekit; records pinned source inputs.
# Do not edit by hand. For ordinary URL/Git sources, accept changed bytes with:
#   pekit lock --repin --version <version>
# Tracked-path Git histories are append-only; discover their next version with --latest.

schema = 1

[[source]]
  version = "7.991"
  url = "https://nmap.org/dist/nmap-7.991.tar.bz2"
  sha256 = "a5d507f29437bef3bedd4771ff9aaa8fc1c2a109ddba1f5b1cf12027456929be"
  locked_at = "2026-09-27T22:42:07Z"
