# pekit.lock — machine-written by pekit; records pinned source inputs.
# Do not edit by hand. To accept changed upstream bytes for a version, run:
#   pekit lock --repin --version <version>

schema = 1

[[source]]
  version = "0.8.3"
  url = "https://github.com/Cyan4973/xxHash/archive/refs/tags/v0.8.3.tar.gz"
  sha256 = "aae608dfe8213dfd05d909a57718ef82f30722c392344583d3f39050c7f29a80"
  locked_at = "2026-08-10T23:32:12Z"
