# pekit.lock — machine-written by pekit; records pinned source inputs.
# Do not edit by hand. For ordinary URL/Git sources, accept changed bytes with:
#   pekit lock --repin --version <version>
# Tracked-path Git histories are append-only; discover their next version with --latest.

schema = 1

[[source]]
  version = "10.48"
  url = "https://github.com/PCRE2Project/pcre2/releases/download/pcre2-10.48/pcre2-10.48.tar.bz2"
  sha256 = "b6c68fdf6f3ac31388b50aa89ff0fc49c00c987c16e7b5146491d12003f2c8ed"
  signature_key = "a95536204a3bb489715231282a98e77eb6f24ca8"
  locked_at = "2026-09-22T13:29:38Z"
