# pekit.lock — machine-written by pekit; records pinned source inputs.
# Do not edit by hand. For ordinary URL/Git sources, accept changed bytes with:
#   pekit lock --repin --version <version>
# Tracked-path Git histories are append-only; discover their next version with --latest.

schema = 1

[[source]]
  version = "0.1.1"
  ref = "v0.1.1"
  commit = "f15e1afc324b25713dc144f1b4cb6bcde92988bc"
  locked_at = "2026-09-10T10:02:52Z"

[[source]]
  version = "0.1.2"
  ref = "v0.1.2"
  commit = "cd0ba71650018927551bd8d8f23ce026df788404"
  locked_at = "2026-09-10T21:46:11Z"

[[source]]
  version = "0.1.3"
  ref = "v0.1.3"
  commit = "0d25ac82d1135a884fcf2d55ebf1a1f0c701f2ac"
  locked_at = "2026-09-10T21:50:04Z"

[[source]]
  version = "0.1.4"
  ref = "v0.1.4"
  commit = "c5cb26bc705843dfa0fef80083a139fbc4a39f40"
  locked_at = "2026-09-10T21:58:20Z"

[[source]]
  version = "0.1.5"
  ref = "v0.1.5"
  commit = "5303f246e5436ea3ea28552a89788aafae8f08ef"
  locked_at = "2026-09-10T22:08:44Z"

[[source]]
  version = "0.1.6"
  ref = "v0.1.6"
  commit = "0ccffa1055623c6cbeb5a0e44c46c45fa8558290"
  locked_at = "2026-09-11T20:07:16Z"
