# pekit.lock — machine-written by pekit; records pinned source inputs.
# Do not edit by hand. To accept changed upstream bytes for a version, run:
#   pekit lock --repin --version <version>

schema = 1

[[source]]
  version = "3.2.14"
  url = "https://github.com/eudev-project/eudev/releases/download/v3.2.14/eudev-3.2.14.tar.gz"
  sha256 = "8da4319102f24abbf7fff5ce9c416af848df163b29590e666d334cc1927f006f"
  signature_key = "ba60bc20f37e59444d6d25001365720913d2f22d"
  locked_at = "2026-09-04T19:25:56Z"
