# pekit.lock — machine-written by pekit; records pinned source inputs.
# Do not edit by hand. To accept changed upstream bytes for a version, run:
#   pekit lock --repin --version <version>

schema = 1

[[source]]
  version = "0.5.13.5"
  ref = "v0.5.13.5"
  commit = "037bbdfd330017c368caf6242f977974123239b5"
  locked_at = "2026-09-06T14:20:22Z"
