# pekit.lock — machine-written by pekit; records pinned source inputs.
# Do not edit by hand. For ordinary URL/Git sources, accept changed bytes with:
#   pekit lock --repin --version <version>
# Tracked-path Git histories are append-only; discover their next version with --latest.

schema = 1

[[source]]
  version = "0.5.13.5"
  url = "http://gondor.apana.org.au/~herbert/dash/files/dash-0.5.13.5.tar.gz"
  sha256 = "40090101a2a491f13e901d3d48e90414f26634628b9bfff35ff540363c227a7d"
  signature_key = "9f9d45fe50ae361530983792c7271d0a49b18ba7"
  locked_at = "2026-09-23T22:11:01Z"
