# pekit.lock — machine-written by pekit; records pinned source inputs.
# Do not edit by hand. For ordinary URL/Git sources, accept changed bytes with:
#   pekit lock --repin --version <version>
# Tracked-path Git histories are append-only; discover their next version with --latest.

schema = 1

[[source]]
  version = "0.29.2"
  url = "https://static.crates.io/crates/cbindgen/cbindgen-0.29.2.crate"
  sha256 = "befbfd072a8e81c02f8c507aefce431fe5e7d051f83d48a23ffc9b9fe5a11799"
  locked_at = "2026-09-08T19:19:49Z"
