# pekit.lock — machine-written by pekit; records pinned source inputs.
# Do not edit by hand. For ordinary URL/Git sources, accept changed bytes with:
#   pekit lock --repin --version <version>
# Tracked-path Git histories are append-only; discover their next version with --latest.

schema = 1

[[source]]
  version = "11.1.1"
  url = "https://download.qemu.org/qemu-11.1.1.tar.xz"
  sha256 = "079ffbff8a7111bbc89022107cbabf3bbfd614d5fc9d7cc675991196aca12482"
  signature_key = "ceacc9e15534ebabb82d3fa03353c9cef108b584"
  locked_at = "2026-09-22T13:24:40Z"
