# pekit.lock — machine-written by pekit; records pinned source inputs.
# Do not edit by hand. To accept changed upstream bytes for a version, run:
#   pekit lock --repin --version <version>

schema = 1

[[source]]
  version = "4.4.2"
  url = "https://github.com/Kitware/CMake/releases/download/v4.4.2/cmake-4.4.2.tar.gz"
  sha256 = "1db9e61e60b6e0874c86386340b910382f3c5e75b9fbfb44d122063129a2789d"
  locked_at = "2026-08-11T00:05:42Z"
