# pekit.lock — machine-written by pekit; records pinned source inputs.
# Do not edit by hand. To accept changed upstream bytes for a version, run:
#   pekit lock --repin --version <version>

schema = 1

[[source]]
  version = "1.79.2"
  url = "https://github.com/docbook/xslt10-stylesheets/releases/download/release/1.79.2/docbook-xsl-nons-1.79.2.tar.bz2"
  sha256 = "ee8b9eca0b7a8f89075832a2da7534bce8c5478fc8fc2676f512d5d87d832102"
  locked_at = "2026-08-30T10:49:54Z"
